
Microsoft Visual Studio Solution File, Format Version 12.00
# Visual Studio Version 16
VisualStudioVersion = 16.0.30611.23
MinimumVisualStudioVersion = 10.0.40219.1
Project("{FAE04EC0-301F-11D3-BF4B-00C04F79EFBC}") = "OneGame", "OneGame\OneGame.csproj", "{4F58A85B-8EEB-4305-9EA7-F903F2B22E15}"
EndProject
Project("{54435603-DBB4-11D2-8724-00A0C9A8B90C}") = "Setup", "Setup\Setup.vdproj", "{AEE42464-92C9-4231-96D5-3D4CE6A90EAE}"
EndProject
Project("{930C7802-8A8C-48F9-8165-68863BCCD9DD}") = "SetupWix", "SetupWix\SetupWix.wixproj", "{B28AF628-648A-48BB-B14A-9D446862ECEC}"
EndProject
Project("{FAE04EC0-301F-11D3-BF4B-00C04F79EFBC}") = "TkTest", "TkTest\TkTest.csproj", "{50C0BB66-F41E-4AF7-81D9-CF06FE1D3FC4}"
EndProject
Project("{FAE04EC0-301F-11D3-BF4B-00C04F79EFBC}") = "TkRun", "TkRun\TkRun.csproj", "{76AD65B5-B0EA-4ABB-A048-637AC729D81A}"
EndProject
Project("{FAE04EC0-301F-11D3-BF4B-00C04F79EFBC}") = "GLCTest", "GLCTest\GLCTest.csproj", "{B5AEE15D-FBA3-4B6F-B70D-E91999AD4DDC}"
EndProject
Project("{FAE04EC0-301F-11D3-BF4B-00C04F79EFBC}") = "GLCRun", "GLCRun\GLCRun.csproj", "{293DDD74-35EE-4226-B84B-0FD5112DB5A5}"
EndProject
Project("{FAE04EC0-301F-11D3-BF4B-00C04F79EFBC}") = "Temp", "Temp\Temp.csproj", "{A76B30A3-2CCE-4DEA-8EDD-37E5488874C8}"
EndProject
Project("{FAE04EC0-301F-11D3-BF4B-00C04F79EFBC}") = "TestGame", "TestGame\TestGame.csproj", "{5BFE05A3-B5FC-471F-ACAD-9E38960763C4}"
EndProject
Project("{FAE04EC0-301F-11D3-BF4B-00C04F79EFBC}") = "OneGame.Control", "OneGame.Control\OneGame.Control.csproj", "{564E1103-4293-4C2C-974F-6AE9EDF11DCA}"
EndProject
Project("{FAE04EC0-301F-11D3-BF4B-00C04F79EFBC}") = "TempConsole", "TempConsole\TempConsole.csproj", "{0FD9AB4E-0676-45AB-8C71-EE1194810018}"
EndProject
Project("{FAE04EC0-301F-11D3-BF4B-00C04F79EFBC}") = "TestRun", "TestRun\TestRun.csproj", "{75B03DD4-B5BF-44DC-8132-59FFDF8A9875}"
EndProject
Global
	GlobalSection(SolutionConfigurationPlatforms) = preSolution
		Debug|Any CPU = Debug|Any CPU
		Debug|ARM = Debug|ARM
		Debug|ARM64 = Debug|ARM64
		Debug|x64 = Debug|x64
		Debug|x86 = Debug|x86
		Release|Any CPU = Release|Any CPU
		Release|ARM = Release|ARM
		Release|ARM64 = Release|ARM64
		Release|x64 = Release|x64
		Release|x86 = Release|x86
	EndGlobalSection
	GlobalSection(ProjectConfigurationPlatforms) = postSolution
		{4F58A85B-8EEB-4305-9EA7-F903F2B22E15}.Debug|Any CPU.ActiveCfg = Debug|Any CPU
		{4F58A85B-8EEB-4305-9EA7-F903F2B22E15}.Debug|Any CPU.Build.0 = Debug|Any CPU
		{4F58A85B-8EEB-4305-9EA7-F903F2B22E15}.Debug|ARM.ActiveCfg = Debug|Any CPU
		{4F58A85B-8EEB-4305-9EA7-F903F2B22E15}.Debug|ARM.Build.0 = Debug|Any CPU
		{4F58A85B-8EEB-4305-9EA7-F903F2B22E15}.Debug|ARM64.ActiveCfg = Debug|Any CPU
		{4F58A85B-8EEB-4305-9EA7-F903F2B22E15}.Debug|ARM64.Build.0 = Debug|Any CPU
		{4F58A85B-8EEB-4305-9EA7-F903F2B22E15}.Debug|x64.ActiveCfg = Debug|Any CPU
		{4F58A85B-8EEB-4305-9EA7-F903F2B22E15}.Debug|x64.Build.0 = Debug|Any CPU
		{4F58A85B-8EEB-4305-9EA7-F903F2B22E15}.Debug|x86.ActiveCfg = Debug|Any CPU
		{4F58A85B-8EEB-4305-9EA7-F903F2B22E15}.Debug|x86.Build.0 = Debug|Any CPU
		{4F58A85B-8EEB-4305-9EA7-F903F2B22E15}.Release|Any CPU.ActiveCfg = Release|Any CPU
		{4F58A85B-8EEB-4305-9EA7-F903F2B22E15}.Release|Any CPU.Build.0 = Release|Any CPU
		{4F58A85B-8EEB-4305-9EA7-F903F2B22E15}.Release|ARM.ActiveCfg = Release|Any CPU
		{4F58A85B-8EEB-4305-9EA7-F903F2B22E15}.Release|ARM.Build.0 = Release|Any CPU
		{4F58A85B-8EEB-4305-9EA7-F903F2B22E15}.Release|ARM64.ActiveCfg = Release|Any CPU
		{4F58A85B-8EEB-4305-9EA7-F903F2B22E15}.Release|ARM64.Build.0 = Release|Any CPU
		{4F58A85B-8EEB-4305-9EA7-F903F2B22E15}.Release|x64.ActiveCfg = Release|Any CPU
		{4F58A85B-8EEB-4305-9EA7-F903F2B22E15}.Release|x64.Build.0 = Release|Any CPU
		{4F58A85B-8EEB-4305-9EA7-F903F2B22E15}.Release|x86.ActiveCfg = Release|Any CPU
		{4F58A85B-8EEB-4305-9EA7-F903F2B22E15}.Release|x86.Build.0 = Release|Any CPU
		{AEE42464-92C9-4231-96D5-3D4CE6A90EAE}.Debug|Any CPU.ActiveCfg = Debug
		{AEE42464-92C9-4231-96D5-3D4CE6A90EAE}.Debug|ARM.ActiveCfg = Debug
		{AEE42464-92C9-4231-96D5-3D4CE6A90EAE}.Debug|ARM.Build.0 = Debug
		{AEE42464-92C9-4231-96D5-3D4CE6A90EAE}.Debug|ARM64.ActiveCfg = Debug
		{AEE42464-92C9-4231-96D5-3D4CE6A90EAE}.Debug|ARM64.Build.0 = Debug
		{AEE42464-92C9-4231-96D5-3D4CE6A90EAE}.Debug|x64.ActiveCfg = Debug
		{AEE42464-92C9-4231-96D5-3D4CE6A90EAE}.Debug|x64.Build.0 = Debug
		{AEE42464-92C9-4231-96D5-3D4CE6A90EAE}.Debug|x86.ActiveCfg = Debug
		{AEE42464-92C9-4231-96D5-3D4CE6A90EAE}.Debug|x86.Build.0 = Debug
		{AEE42464-92C9-4231-96D5-3D4CE6A90EAE}.Release|Any CPU.ActiveCfg = Release
		{AEE42464-92C9-4231-96D5-3D4CE6A90EAE}.Release|ARM.ActiveCfg = Release
		{AEE42464-92C9-4231-96D5-3D4CE6A90EAE}.Release|ARM.Build.0 = Release
		{AEE42464-92C9-4231-96D5-3D4CE6A90EAE}.Release|ARM64.ActiveCfg = Release
		{AEE42464-92C9-4231-96D5-3D4CE6A90EAE}.Release|ARM64.Build.0 = Release
		{AEE42464-92C9-4231-96D5-3D4CE6A90EAE}.Release|x64.ActiveCfg = Release
		{AEE42464-92C9-4231-96D5-3D4CE6A90EAE}.Release|x64.Build.0 = Release
		{AEE42464-92C9-4231-96D5-3D4CE6A90EAE}.Release|x86.ActiveCfg = Release
		{AEE42464-92C9-4231-96D5-3D4CE6A90EAE}.Release|x86.Build.0 = Release
		{B28AF628-648A-48BB-B14A-9D446862ECEC}.Debug|Any CPU.ActiveCfg = Debug|x86
		{B28AF628-648A-48BB-B14A-9D446862ECEC}.Debug|ARM.ActiveCfg = Debug|x86
		{B28AF628-648A-48BB-B14A-9D446862ECEC}.Debug|ARM64.ActiveCfg = Debug|x86
		{B28AF628-648A-48BB-B14A-9D446862ECEC}.Debug|x64.ActiveCfg = Debug|x86
		{B28AF628-648A-48BB-B14A-9D446862ECEC}.Debug|x86.ActiveCfg = Debug|x86
		{B28AF628-648A-48BB-B14A-9D446862ECEC}.Debug|x86.Build.0 = Debug|x86
		{B28AF628-648A-48BB-B14A-9D446862ECEC}.Release|Any CPU.ActiveCfg = Release|x86
		{B28AF628-648A-48BB-B14A-9D446862ECEC}.Release|ARM.ActiveCfg = Release|x86
		{B28AF628-648A-48BB-B14A-9D446862ECEC}.Release|ARM64.ActiveCfg = Release|x86
		{B28AF628-648A-48BB-B14A-9D446862ECEC}.Release|x64.ActiveCfg = Release|x86
		{B28AF628-648A-48BB-B14A-9D446862ECEC}.Release|x86.ActiveCfg = Release|x86
		{B28AF628-648A-48BB-B14A-9D446862ECEC}.Release|x86.Build.0 = Release|x86
		{50C0BB66-F41E-4AF7-81D9-CF06FE1D3FC4}.Debug|Any CPU.ActiveCfg = Debug|Any CPU
		{50C0BB66-F41E-4AF7-81D9-CF06FE1D3FC4}.Debug|Any CPU.Build.0 = Debug|Any CPU
		{50C0BB66-F41E-4AF7-81D9-CF06FE1D3FC4}.Debug|ARM.ActiveCfg = Debug|Any CPU
		{50C0BB66-F41E-4AF7-81D9-CF06FE1D3FC4}.Debug|ARM.Build.0 = Debug|Any CPU
		{50C0BB66-F41E-4AF7-81D9-CF06FE1D3FC4}.Debug|ARM64.ActiveCfg = Debug|Any CPU
		{50C0BB66-F41E-4AF7-81D9-CF06FE1D3FC4}.Debug|ARM64.Build.0 = Debug|Any CPU
		{50C0BB66-F41E-4AF7-81D9-CF06FE1D3FC4}.Debug|x64.ActiveCfg = Debug|Any CPU
		{50C0BB66-F41E-4AF7-81D9-CF06FE1D3FC4}.Debug|x64.Build.0 = Debug|Any CPU
		{50C0BB66-F41E-4AF7-81D9-CF06FE1D3FC4}.Debug|x86.ActiveCfg = Debug|Any CPU
		{50C0BB66-F41E-4AF7-81D9-CF06FE1D3FC4}.Debug|x86.Build.0 = Debug|Any CPU
		{50C0BB66-F41E-4AF7-81D9-CF06FE1D3FC4}.Release|Any CPU.ActiveCfg = Release|Any CPU
		{50C0BB66-F41E-4AF7-81D9-CF06FE1D3FC4}.Release|Any CPU.Build.0 = Release|Any CPU
		{50C0BB66-F41E-4AF7-81D9-CF06FE1D3FC4}.Release|ARM.ActiveCfg = Release|Any CPU
		{50C0BB66-F41E-4AF7-81D9-CF06FE1D3FC4}.Release|ARM.Build.0 = Release|Any CPU
		{50C0BB66-F41E-4AF7-81D9-CF06FE1D3FC4}.Release|ARM64.ActiveCfg = Release|Any CPU
		{50C0BB66-F41E-4AF7-81D9-CF06FE1D3FC4}.Release|ARM64.Build.0 = Release|Any CPU
		{50C0BB66-F41E-4AF7-81D9-CF06FE1D3FC4}.Release|x64.ActiveCfg = Release|Any CPU
		{50C0BB66-F41E-4AF7-81D9-CF06FE1D3FC4}.Release|x64.Build.0 = Release|Any CPU
		{50C0BB66-F41E-4AF7-81D9-CF06FE1D3FC4}.Release|x86.ActiveCfg = Release|Any CPU
		{50C0BB66-F41E-4AF7-81D9-CF06FE1D3FC4}.Release|x86.Build.0 = Release|Any CPU
		{76AD65B5-B0EA-4ABB-A048-637AC729D81A}.Debug|Any CPU.ActiveCfg = Debug|Any CPU
		{76AD65B5-B0EA-4ABB-A048-637AC729D81A}.Debug|Any CPU.Build.0 = Debug|Any CPU
		{76AD65B5-B0EA-4ABB-A048-637AC729D81A}.Debug|ARM.ActiveCfg = Debug|Any CPU
		{76AD65B5-B0EA-4ABB-A048-637AC729D81A}.Debug|ARM.Build.0 = Debug|Any CPU
		{76AD65B5-B0EA-4ABB-A048-637AC729D81A}.Debug|ARM64.ActiveCfg = Debug|Any CPU
		{76AD65B5-B0EA-4ABB-A048-637AC729D81A}.Debug|ARM64.Build.0 = Debug|Any CPU
		{76AD65B5-B0EA-4ABB-A048-637AC729D81A}.Debug|x64.ActiveCfg = Debug|Any CPU
		{76AD65B5-B0EA-4ABB-A048-637AC729D81A}.Debug|x64.Build.0 = Debug|Any CPU
		{76AD65B5-B0EA-4ABB-A048-637AC729D81A}.Debug|x86.ActiveCfg = Debug|Any CPU
		{76AD65B5-B0EA-4ABB-A048-637AC729D81A}.Debug|x86.Build.0 = Debug|Any CPU
		{76AD65B5-B0EA-4ABB-A048-637AC729D81A}.Release|Any CPU.ActiveCfg = Release|Any CPU
		{76AD65B5-B0EA-4ABB-A048-637AC729D81A}.Release|Any CPU.Build.0 = Release|Any CPU
		{76AD65B5-B0EA-4ABB-A048-637AC729D81A}.Release|ARM.ActiveCfg = Release|Any CPU
		{76AD65B5-B0EA-4ABB-A048-637AC729D81A}.Release|ARM.Build.0 = Release|Any CPU
		{76AD65B5-B0EA-4ABB-A048-637AC729D81A}.Release|ARM64.ActiveCfg = Release|Any CPU
		{76AD65B5-B0EA-4ABB-A048-637AC729D81A}.Release|ARM64.Build.0 = Release|Any CPU
		{76AD65B5-B0EA-4ABB-A048-637AC729D81A}.Release|x64.ActiveCfg = Release|Any CPU
		{76AD65B5-B0EA-4ABB-A048-637AC729D81A}.Release|x64.Build.0 = Release|Any CPU
		{76AD65B5-B0EA-4ABB-A048-637AC729D81A}.Release|x86.ActiveCfg = Release|Any CPU
		{76AD65B5-B0EA-4ABB-A048-637AC729D81A}.Release|x86.Build.0 = Release|Any CPU
		{B5AEE15D-FBA3-4B6F-B70D-E91999AD4DDC}.Debug|Any CPU.ActiveCfg = Debug|Any CPU
		{B5AEE15D-FBA3-4B6F-B70D-E91999AD4DDC}.Debug|Any CPU.Build.0 = Debug|Any CPU
		{B5AEE15D-FBA3-4B6F-B70D-E91999AD4DDC}.Debug|ARM.ActiveCfg = Debug|Any CPU
		{B5AEE15D-FBA3-4B6F-B70D-E91999AD4DDC}.Debug|ARM.Build.0 = Debug|Any CPU
		{B5AEE15D-FBA3-4B6F-B70D-E91999AD4DDC}.Debug|ARM64.ActiveCfg = Debug|Any CPU
		{B5AEE15D-FBA3-4B6F-B70D-E91999AD4DDC}.Debug|ARM64.Build.0 = Debug|Any CPU
		{B5AEE15D-FBA3-4B6F-B70D-E91999AD4DDC}.Debug|x64.ActiveCfg = Debug|Any CPU
		{B5AEE15D-FBA3-4B6F-B70D-E91999AD4DDC}.Debug|x64.Build.0 = Debug|Any CPU
		{B5AEE15D-FBA3-4B6F-B70D-E91999AD4DDC}.Debug|x86.ActiveCfg = Debug|Any CPU
		{B5AEE15D-FBA3-4B6F-B70D-E91999AD4DDC}.Debug|x86.Build.0 = Debug|Any CPU
		{B5AEE15D-FBA3-4B6F-B70D-E91999AD4DDC}.Release|Any CPU.ActiveCfg = Release|Any CPU
		{B5AEE15D-FBA3-4B6F-B70D-E91999AD4DDC}.Release|Any CPU.Build.0 = Release|Any CPU
		{B5AEE15D-FBA3-4B6F-B70D-E91999AD4DDC}.Release|ARM.ActiveCfg = Release|Any CPU
		{B5AEE15D-FBA3-4B6F-B70D-E91999AD4DDC}.Release|ARM.Build.0 = Release|Any CPU
		{B5AEE15D-FBA3-4B6F-B70D-E91999AD4DDC}.Release|ARM64.ActiveCfg = Release|Any CPU
		{B5AEE15D-FBA3-4B6F-B70D-E91999AD4DDC}.Release|ARM64.Build.0 = Release|Any CPU
		{B5AEE15D-FBA3-4B6F-B70D-E91999AD4DDC}.Release|x64.ActiveCfg = Release|Any CPU
		{B5AEE15D-FBA3-4B6F-B70D-E91999AD4DDC}.Release|x64.Build.0 = Release|Any CPU
		{B5AEE15D-FBA3-4B6F-B70D-E91999AD4DDC}.Release|x86.ActiveCfg = Release|Any CPU
		{B5AEE15D-FBA3-4B6F-B70D-E91999AD4DDC}.Release|x86.Build.0 = Release|Any CPU
		{293DDD74-35EE-4226-B84B-0FD5112DB5A5}.Debug|Any CPU.ActiveCfg = Debug|Any CPU
		{293DDD74-35EE-4226-B84B-0FD5112DB5A5}.Debug|Any CPU.Build.0 = Debug|Any CPU
		{293DDD74-35EE-4226-B84B-0FD5112DB5A5}.Debug|ARM.ActiveCfg = Debug|Any CPU
		{293DDD74-35EE-4226-B84B-0FD5112DB5A5}.Debug|ARM.Build.0 = Debug|Any CPU
		{293DDD74-35EE-4226-B84B-0FD5112DB5A5}.Debug|ARM64.ActiveCfg = Debug|Any CPU
		{293DDD74-35EE-4226-B84B-0FD5112DB5A5}.Debug|ARM64.Build.0 = Debug|Any CPU
		{293DDD74-35EE-4226-B84B-0FD5112DB5A5}.Debug|x64.ActiveCfg = Debug|Any CPU
		{293DDD74-35EE-4226-B84B-0FD5112DB5A5}.Debug|x64.Build.0 = Debug|Any CPU
		{293DDD74-35EE-4226-B84B-0FD5112DB5A5}.Debug|x86.ActiveCfg = Debug|Any CPU
		{293DDD74-35EE-4226-B84B-0FD5112DB5A5}.Debug|x86.Build.0 = Debug|Any CPU
		{293DDD74-35EE-4226-B84B-0FD5112DB5A5}.Release|Any CPU.ActiveCfg = Release|Any CPU
		{293DDD74-35EE-4226-B84B-0FD5112DB5A5}.Release|Any CPU.Build.0 = Release|Any CPU
		{293DDD74-35EE-4226-B84B-0FD5112DB5A5}.Release|ARM.ActiveCfg = Release|Any CPU
		{293DDD74-35EE-4226-B84B-0FD5112DB5A5}.Release|ARM.Build.0 = Release|Any CPU
		{293DDD74-35EE-4226-B84B-0FD5112DB5A5}.Release|ARM64.ActiveCfg = Release|Any CPU
		{293DDD74-35EE-4226-B84B-0FD5112DB5A5}.Release|ARM64.Build.0 = Release|Any CPU
		{293DDD74-35EE-4226-B84B-0FD5112DB5A5}.Release|x64.ActiveCfg = Release|Any CPU
		{293DDD74-35EE-4226-B84B-0FD5112DB5A5}.Release|x64.Build.0 = Release|Any CPU
		{293DDD74-35EE-4226-B84B-0FD5112DB5A5}.Release|x86.ActiveCfg = Release|Any CPU
		{293DDD74-35EE-4226-B84B-0FD5112DB5A5}.Release|x86.Build.0 = Release|Any CPU
		{A76B30A3-2CCE-4DEA-8EDD-37E5488874C8}.Debug|Any CPU.ActiveCfg = Debug|Any CPU
		{A76B30A3-2CCE-4DEA-8EDD-37E5488874C8}.Debug|Any CPU.Build.0 = Debug|Any CPU
		{A76B30A3-2CCE-4DEA-8EDD-37E5488874C8}.Debug|ARM.ActiveCfg = Debug|Any CPU
		{A76B30A3-2CCE-4DEA-8EDD-37E5488874C8}.Debug|ARM.Build.0 = Debug|Any CPU
		{A76B30A3-2CCE-4DEA-8EDD-37E5488874C8}.Debug|ARM64.ActiveCfg = Debug|Any CPU
		{A76B30A3-2CCE-4DEA-8EDD-37E5488874C8}.Debug|ARM64.Build.0 = Debug|Any CPU
		{A76B30A3-2CCE-4DEA-8EDD-37E5488874C8}.Debug|x64.ActiveCfg = Debug|Any CPU
		{A76B30A3-2CCE-4DEA-8EDD-37E5488874C8}.Debug|x64.Build.0 = Debug|Any CPU
		{A76B30A3-2CCE-4DEA-8EDD-37E5488874C8}.Debug|x86.ActiveCfg = Debug|Any CPU
		{A76B30A3-2CCE-4DEA-8EDD-37E5488874C8}.Debug|x86.Build.0 = Debug|Any CPU
		{A76B30A3-2CCE-4DEA-8EDD-37E5488874C8}.Release|Any CPU.ActiveCfg = Release|Any CPU
		{A76B30A3-2CCE-4DEA-8EDD-37E5488874C8}.Release|Any CPU.Build.0 = Release|Any CPU
		{A76B30A3-2CCE-4DEA-8EDD-37E5488874C8}.Release|ARM.ActiveCfg = Release|Any CPU
		{A76B30A3-2CCE-4DEA-8EDD-37E5488874C8}.Release|ARM.Build.0 = Release|Any CPU
		{A76B30A3-2CCE-4DEA-8EDD-37E5488874C8}.Release|ARM64.ActiveCfg = Release|Any CPU
		{A76B30A3-2CCE-4DEA-8EDD-37E5488874C8}.Release|ARM64.Build.0 = Release|Any CPU
		{A76B30A3-2CCE-4DEA-8EDD-37E5488874C8}.Release|x64.ActiveCfg = Release|Any CPU
		{A76B30A3-2CCE-4DEA-8EDD-37E5488874C8}.Release|x64.Build.0 = Release|Any CPU
		{A76B30A3-2CCE-4DEA-8EDD-37E5488874C8}.Release|x86.ActiveCfg = Release|Any CPU
		{A76B30A3-2CCE-4DEA-8EDD-37E5488874C8}.Release|x86.Build.0 = Release|Any CPU
		{5BFE05A3-B5FC-471F-ACAD-9E38960763C4}.Debug|Any CPU.ActiveCfg = Debug|Any CPU
		{5BFE05A3-B5FC-471F-ACAD-9E38960763C4}.Debug|Any CPU.Build.0 = Debug|Any CPU
		{5BFE05A3-B5FC-471F-ACAD-9E38960763C4}.Debug|ARM.ActiveCfg = Debug|Any CPU
		{5BFE05A3-B5FC-471F-ACAD-9E38960763C4}.Debug|ARM.Build.0 = Debug|Any CPU
		{5BFE05A3-B5FC-471F-ACAD-9E38960763C4}.Debug|ARM64.ActiveCfg = Debug|Any CPU
		{5BFE05A3-B5FC-471F-ACAD-9E38960763C4}.Debug|ARM64.Build.0 = Debug|Any CPU
		{5BFE05A3-B5FC-471F-ACAD-9E38960763C4}.Debug|x64.ActiveCfg = Debug|Any CPU
		{5BFE05A3-B5FC-471F-ACAD-9E38960763C4}.Debug|x64.Build.0 = Debug|Any CPU
		{5BFE05A3-B5FC-471F-ACAD-9E38960763C4}.Debug|x86.ActiveCfg = Debug|Any CPU
		{5BFE05A3-B5FC-471F-ACAD-9E38960763C4}.Debug|x86.Build.0 = Debug|Any CPU
		{5BFE05A3-B5FC-471F-ACAD-9E38960763C4}.Release|Any CPU.ActiveCfg = Release|Any CPU
		{5BFE05A3-B5FC-471F-ACAD-9E38960763C4}.Release|Any CPU.Build.0 = Release|Any CPU
		{5BFE05A3-B5FC-471F-ACAD-9E38960763C4}.Release|ARM.ActiveCfg = Release|Any CPU
		{5BFE05A3-B5FC-471F-ACAD-9E38960763C4}.Release|ARM.Build.0 = Release|Any CPU
		{5BFE05A3-B5FC-471F-ACAD-9E38960763C4}.Release|ARM64.ActiveCfg = Release|Any CPU
		{5BFE05A3-B5FC-471F-ACAD-9E38960763C4}.Release|ARM64.Build.0 = Release|Any CPU
		{5BFE05A3-B5FC-471F-ACAD-9E38960763C4}.Release|x64.ActiveCfg = Release|Any CPU
		{5BFE05A3-B5FC-471F-ACAD-9E38960763C4}.Release|x64.Build.0 = Release|Any CPU
		{5BFE05A3-B5FC-471F-ACAD-9E38960763C4}.Release|x86.ActiveCfg = Release|Any CPU
		{5BFE05A3-B5FC-471F-ACAD-9E38960763C4}.Release|x86.Build.0 = Release|Any CPU
		{564E1103-4293-4C2C-974F-6AE9EDF11DCA}.Debug|Any CPU.ActiveCfg = Debug|Any CPU
		{564E1103-4293-4C2C-974F-6AE9EDF11DCA}.Debug|Any CPU.Build.0 = Debug|Any CPU
		{564E1103-4293-4C2C-974F-6AE9EDF11DCA}.Debug|ARM.ActiveCfg = Debug|Any CPU
		{564E1103-4293-4C2C-974F-6AE9EDF11DCA}.Debug|ARM.Build.0 = Debug|Any CPU
		{564E1103-4293-4C2C-974F-6AE9EDF11DCA}.Debug|ARM64.ActiveCfg = Debug|Any CPU
		{564E1103-4293-4C2C-974F-6AE9EDF11DCA}.Debug|ARM64.Build.0 = Debug|Any CPU
		{564E1103-4293-4C2C-974F-6AE9EDF11DCA}.Debug|x64.ActiveCfg = Debug|Any CPU
		{564E1103-4293-4C2C-974F-6AE9EDF11DCA}.Debug|x64.Build.0 = Debug|Any CPU
		{564E1103-4293-4C2C-974F-6AE9EDF11DCA}.Debug|x86.ActiveCfg = Debug|Any CPU
		{564E1103-4293-4C2C-974F-6AE9EDF11DCA}.Debug|x86.Build.0 = Debug|Any CPU
		{564E1103-4293-4C2C-974F-6AE9EDF11DCA}.Release|Any CPU.ActiveCfg = Release|Any CPU
		{564E1103-4293-4C2C-974F-6AE9EDF11DCA}.Release|Any CPU.Build.0 = Release|Any CPU
		{564E1103-4293-4C2C-974F-6AE9EDF11DCA}.Release|ARM.ActiveCfg = Release|Any CPU
		{564E1103-4293-4C2C-974F-6AE9EDF11DCA}.Release|ARM.Build.0 = Release|Any CPU
		{564E1103-4293-4C2C-974F-6AE9EDF11DCA}.Release|ARM64.ActiveCfg = Release|Any CPU
		{564E1103-4293-4C2C-974F-6AE9EDF11DCA}.Release|ARM64.Build.0 = Release|Any CPU
		{564E1103-4293-4C2C-974F-6AE9EDF11DCA}.Release|x64.ActiveCfg = Release|Any CPU
		{564E1103-4293-4C2C-974F-6AE9EDF11DCA}.Release|x64.Build.0 = Release|Any CPU
		{564E1103-4293-4C2C-974F-6AE9EDF11DCA}.Release|x86.ActiveCfg = Release|Any CPU
		{564E1103-4293-4C2C-974F-6AE9EDF11DCA}.Release|x86.Build.0 = Release|Any CPU
		{0FD9AB4E-0676-45AB-8C71-EE1194810018}.Debug|Any CPU.ActiveCfg = Debug|Any CPU
		{0FD9AB4E-0676-45AB-8C71-EE1194810018}.Debug|Any CPU.Build.0 = Debug|Any CPU
		{0FD9AB4E-0676-45AB-8C71-EE1194810018}.Debug|ARM.ActiveCfg = Debug|Any CPU
		{0FD9AB4E-0676-45AB-8C71-EE1194810018}.Debug|ARM.Build.0 = Debug|Any CPU
		{0FD9AB4E-0676-45AB-8C71-EE1194810018}.Debug|ARM64.ActiveCfg = Debug|Any CPU
		{0FD9AB4E-0676-45AB-8C71-EE1194810018}.Debug|ARM64.Build.0 = Debug|Any CPU
		{0FD9AB4E-0676-45AB-8C71-EE1194810018}.Debug|x64.ActiveCfg = Debug|Any CPU
		{0FD9AB4E-0676-45AB-8C71-EE1194810018}.Debug|x64.Build.0 = Debug|Any CPU
		{0FD9AB4E-0676-45AB-8C71-EE1194810018}.Debug|x86.ActiveCfg = Debug|Any CPU
		{0FD9AB4E-0676-45AB-8C71-EE1194810018}.Debug|x86.Build.0 = Debug|Any CPU
		{0FD9AB4E-0676-45AB-8C71-EE1194810018}.Release|Any CPU.ActiveCfg = Release|Any CPU
		{0FD9AB4E-0676-45AB-8C71-EE1194810018}.Release|Any CPU.Build.0 = Release|Any CPU
		{0FD9AB4E-0676-45AB-8C71-EE1194810018}.Release|ARM.ActiveCfg = Release|Any CPU
		{0FD9AB4E-0676-45AB-8C71-EE1194810018}.Release|ARM.Build.0 = Release|Any CPU
		{0FD9AB4E-0676-45AB-8C71-EE1194810018}.Release|ARM64.ActiveCfg = Release|Any CPU
		{0FD9AB4E-0676-45AB-8C71-EE1194810018}.Release|ARM64.Build.0 = Release|Any CPU
		{0FD9AB4E-0676-45AB-8C71-EE1194810018}.Release|x64.ActiveCfg = Release|Any CPU
		{0FD9AB4E-0676-45AB-8C71-EE1194810018}.Release|x64.Build.0 = Release|Any CPU
		{0FD9AB4E-0676-45AB-8C71-EE1194810018}.Release|x86.ActiveCfg = Release|Any CPU
		{0FD9AB4E-0676-45AB-8C71-EE1194810018}.Release|x86.Build.0 = Release|Any CPU
		{75B03DD4-B5BF-44DC-8132-59FFDF8A9875}.Debug|Any CPU.ActiveCfg = Debug|Any CPU
		{75B03DD4-B5BF-44DC-8132-59FFDF8A9875}.Debug|Any CPU.Build.0 = Debug|Any CPU
		{75B03DD4-B5BF-44DC-8132-59FFDF8A9875}.Debug|ARM.ActiveCfg = Debug|Any CPU
		{75B03DD4-B5BF-44DC-8132-59FFDF8A9875}.Debug|ARM.Build.0 = Debug|Any CPU
		{75B03DD4-B5BF-44DC-8132-59FFDF8A9875}.Debug|ARM64.ActiveCfg = Debug|Any CPU
		{75B03DD4-B5BF-44DC-8132-59FFDF8A9875}.Debug|ARM64.Build.0 = Debug|Any CPU
		{75B03DD4-B5BF-44DC-8132-59FFDF8A9875}.Debug|x64.ActiveCfg = Debug|Any CPU
		{75B03DD4-B5BF-44DC-8132-59FFDF8A9875}.Debug|x64.Build.0 = Debug|Any CPU
		{75B03DD4-B5BF-44DC-8132-59FFDF8A9875}.Debug|x86.ActiveCfg = Debug|Any CPU
		{75B03DD4-B5BF-44DC-8132-59FFDF8A9875}.Debug|x86.Build.0 = Debug|Any CPU
		{75B03DD4-B5BF-44DC-8132-59FFDF8A9875}.Release|Any CPU.ActiveCfg = Release|Any CPU
		{75B03DD4-B5BF-44DC-8132-59FFDF8A9875}.Release|Any CPU.Build.0 = Release|Any CPU
		{75B03DD4-B5BF-44DC-8132-59FFDF8A9875}.Release|ARM.ActiveCfg = Release|Any CPU
		{75B03DD4-B5BF-44DC-8132-59FFDF8A9875}.Release|ARM.Build.0 = Release|Any CPU
		{75B03DD4-B5BF-44DC-8132-59FFDF8A9875}.Release|ARM64.ActiveCfg = Release|Any CPU
		{75B03DD4-B5BF-44DC-8132-59FFDF8A9875}.Release|ARM64.Build.0 = Release|Any CPU
		{75B03DD4-B5BF-44DC-8132-59FFDF8A9875}.Release|x64.ActiveCfg = Release|Any CPU
		{75B03DD4-B5BF-44DC-8132-59FFDF8A9875}.Release|x64.Build.0 = Release|Any CPU
		{75B03DD4-B5BF-44DC-8132-59FFDF8A9875}.Release|x86.ActiveCfg = Release|Any CPU
		{75B03DD4-B5BF-44DC-8132-59FFDF8A9875}.Release|x86.Build.0 = Release|Any CPU
	EndGlobalSection
	GlobalSection(SolutionProperties) = preSolution
		HideSolutionNode = FALSE
	EndGlobalSection
	GlobalSection(ExtensibilityGlobals) = postSolution
		SolutionGuid = {D9D92B98-52F9-4927-9B0B-3131D8059C52}
	EndGlobalSection
EndGlobal
